
Microsoft Visual Studio Solution File, Format Version 12.00
# Visual Studio Version 17
VisualStudioVersion = 17.0.31903.59
MinimumVisualStudioVersion = 10.0.40219.1
Project("{FAE04EC0-301F-11D3-BF4B-00C04F79EFBC}") = "AnnuaireEntreprise.Core", "AnnuaireEntreprise.Core\AnnuaireEntreprise.Core.csproj", "{DA78BFFF-561F-4252-8122-6A580014DD4B}"
EndProject
Project("{FAE04EC0-301F-11D3-BF4B-00C04F79EFBC}") = "AnnuaireEntreprise.Infrastructure", "AnnuaireEntreprise.Infrastructure\AnnuaireEntreprise.Infrastructure.csproj", "{B78A9BDD-DA5C-4326-87FD-2164B379F763}"
EndProject
Project("{FAE04EC0-301F-11D3-BF4B-00C04F79EFBC}") = "AnnuaireEntreprise.Maui", "AnnuaireEntreprise.Maui\AnnuaireEntreprise.Maui.csproj", "{2771D77C-F86A-441F-B14F-BEA022D857C6}"
EndProject
Project("{FAE04EC0-301F-11D3-BF4B-00C04F79EFBC}") = "AnnuaireEntreprise.Model", "AnnuaireEntreprise.Model\AnnuaireEntreprise.Model.csproj", "{1B7FC683-B84A-486C-BF7D-5AF36A35BF47}"
EndProject
Project("{FAE04EC0-301F-11D3-BF4B-00C04F79EFBC}") = "AnnuaireEntreprise.WebAPI", "AnnuaireEntreprise.WebAPI\AnnuaireEntreprise.WebAPI.csproj", "{7D952F3B-DB87-4DE9-858E-524671F0E1A8}"
EndProject
Global
	GlobalSection(SolutionConfigurationPlatforms) = preSolution
		Debug|Any CPU = Debug|Any CPU
		Release|Any CPU = Release|Any CPU
	EndGlobalSection
	GlobalSection(SolutionProperties) = preSolution
		HideSolutionNode = FALSE
	EndGlobalSection
	GlobalSection(ProjectConfigurationPlatforms) = postSolution
		{DA78BFFF-561F-4252-8122-6A580014DD4B}.Debug|Any CPU.ActiveCfg = Debug|Any CPU
		{DA78BFFF-561F-4252-8122-6A580014DD4B}.Debug|Any CPU.Build.0 = Debug|Any CPU
		{DA78BFFF-561F-4252-8122-6A580014DD4B}.Release|Any CPU.ActiveCfg = Release|Any CPU
		{DA78BFFF-561F-4252-8122-6A580014DD4B}.Release|Any CPU.Build.0 = Release|Any CPU
		{B78A9BDD-DA5C-4326-87FD-2164B379F763}.Debug|Any CPU.ActiveCfg = Debug|Any CPU
		{B78A9BDD-DA5C-4326-87FD-2164B379F763}.Debug|Any CPU.Build.0 = Debug|Any CPU
		{B78A9BDD-DA5C-4326-87FD-2164B379F763}.Release|Any CPU.ActiveCfg = Release|Any CPU
		{B78A9BDD-DA5C-4326-87FD-2164B379F763}.Release|Any CPU.Build.0 = Release|Any CPU
		{2771D77C-F86A-441F-B14F-BEA022D857C6}.Debug|Any CPU.ActiveCfg = Debug|Any CPU
		{2771D77C-F86A-441F-B14F-BEA022D857C6}.Debug|Any CPU.Build.0 = Debug|Any CPU
		{2771D77C-F86A-441F-B14F-BEA022D857C6}.Release|Any CPU.ActiveCfg = Release|Any CPU
		{2771D77C-F86A-441F-B14F-BEA022D857C6}.Release|Any CPU.Build.0 = Release|Any CPU
		{1B7FC683-B84A-486C-BF7D-5AF36A35BF47}.Debug|Any CPU.ActiveCfg = Debug|Any CPU
		{1B7FC683-B84A-486C-BF7D-5AF36A35BF47}.Debug|Any CPU.Build.0 = Debug|Any CPU
		{1B7FC683-B84A-486C-BF7D-5AF36A35BF47}.Release|Any CPU.ActiveCfg = Release|Any CPU
		{1B7FC683-B84A-486C-BF7D-5AF36A35BF47}.Release|Any CPU.Build.0 = Release|Any CPU
		{7D952F3B-DB87-4DE9-858E-524671F0E1A8}.Debug|Any CPU.ActiveCfg = Debug|Any CPU
		{7D952F3B-DB87-4DE9-858E-524671F0E1A8}.Debug|Any CPU.Build.0 = Debug|Any CPU
		{7D952F3B-DB87-4DE9-858E-524671F0E1A8}.Release|Any CPU.ActiveCfg = Release|Any CPU
		{7D952F3B-DB87-4DE9-858E-524671F0E1A8}.Release|Any CPU.Build.0 = Release|Any CPU
	EndGlobalSection
EndGlobal
